
Microsoft Visual Studio Solution File, Format Version 12.00
# Visual Studio Version 16
VisualStudioVersion = 16.0.29613.14
MinimumVisualStudioVersion = 10.0.40219.1
Project("{FAE04EC0-301F-11D3-BF4B-00C04F79EFBC}") = "Bot Guitar Flash", "Bot Guitar Flash\Bot Guitar Flash.csproj", "{2FE4B4DA-CC66-4B28-B677-BB48A707E799}"
EndProject
Global
	GlobalSection(SolutionConfigurationPlatforms) = preSolution
		Debug|Any CPU = Debug|Any CPU
		Release|Any CPU = Release|Any CPU
	EndGlobalSection
	GlobalSection(ProjectConfigurationPlatforms) = postSolution
		{2FE4B4DA-CC66-4B28-B677-BB48A707E799}.Debug|Any CPU.ActiveCfg = Debug|Any CPU
		{2FE4B4DA-CC66-4B28-B677-BB48A707E799}.Debug|Any CPU.Build.0 = Debug|Any CPU
		{2FE4B4DA-CC66-4B28-B677-BB48A707E799}.Release|Any CPU.ActiveCfg = Release|Any CPU
		{2FE4B4DA-CC66-4B28-B677-BB48A707E799}.Release|Any CPU.Build.0 = Release|Any CPU
	EndGlobalSection
	GlobalSection(SolutionProperties) = preSolution
		HideSolutionNode = FALSE
	EndGlobalSection
	GlobalSection(ExtensibilityGlobals) = postSolution
		SolutionGuid = {6248EF2E-B666-43F0-8601-ACC6E5A5758F}
	EndGlobalSection
EndGlobal
